
Microsoft Visual Studio Solution File, Format Version 12.00
# Visual Studio Version 17
VisualStudioVersion = 17.10.35027.167
MinimumVisualStudioVersion = 10.0.40219.1
Project("{FAE04EC0-301F-11D3-BF4B-00C04F79EFBC}") = "CAExceptions", "CAExceptions\CAExceptions.csproj", "{1705C779-6556-41DD-A4F7-DB28C6C4FD04}"
EndProject
Global
	GlobalSection(SolutionConfigurationPlatforms) = preSolution
		Debug|Any CPU = Debug|Any CPU
		Release|Any CPU = Release|Any CPU
	EndGlobalSection
	GlobalSection(ProjectConfigurationPlatforms) = postSolution
		{1705C779-6556-41DD-A4F7-DB28C6C4FD04}.Debug|Any CPU.ActiveCfg = Debug|Any CPU
		{1705C779-6556-41DD-A4F7-DB28C6C4FD04}.Debug|Any CPU.Build.0 = Debug|Any CPU
		{1705C779-6556-41DD-A4F7-DB28C6C4FD04}.Release|Any CPU.ActiveCfg = Release|Any CPU
		{1705C779-6556-41DD-A4F7-DB28C6C4FD04}.Release|Any CPU.Build.0 = Release|Any CPU
	EndGlobalSection
	GlobalSection(SolutionProperties) = preSolution
		HideSolutionNode = FALSE
	EndGlobalSection
	GlobalSection(ExtensibilityGlobals) = postSolution
		SolutionGuid = {6434C62F-6679-47E5-992C-E68A1D33CF9C}
	EndGlobalSection
EndGlobal
